
Microsoft Visual Studio Solution File, Format Version 12.00
# Visual Studio Version 17
VisualStudioVersion = 17.2.32630.192
MinimumVisualStudioVersion = 10.0.40219.1
Project("{9A19103F-16F7-4668-BE54-9A1E7A4F7556}") = "WarehouseManager", "WarehouseManager\WarehouseManager.csproj", "{95EE3108-0FF7-4414-8962-9C33F5BA02BA}"
EndProject
Project("{54435603-DBB4-11D2-8724-00A0C9A8B90C}") = "Setup", "Setup\Setup.vdproj", "{831C21F0-D65B-44DC-9B4B-21694C75A938}"
EndProject
Global
	GlobalSection(SolutionConfigurationPlatforms) = preSolution
		Debug|Any CPU = Debug|Any CPU
		Release|Any CPU = Release|Any CPU
	EndGlobalSection
	GlobalSection(ProjectConfigurationPlatforms) = postSolution
		{95EE3108-0FF7-4414-8962-9C33F5BA02BA}.Debug|Any CPU.ActiveCfg = Debug|Any CPU
		{95EE3108-0FF7-4414-8962-9C33F5BA02BA}.Debug|Any CPU.Build.0 = Debug|Any CPU
		{95EE3108-0FF7-4414-8962-9C33F5BA02BA}.Release|Any CPU.ActiveCfg = Release|Any CPU
		{95EE3108-0FF7-4414-8962-9C33F5BA02BA}.Release|Any CPU.Build.0 = Release|Any CPU
		{831C21F0-D65B-44DC-9B4B-21694C75A938}.Debug|Any CPU.ActiveCfg = Release
		{831C21F0-D65B-44DC-9B4B-21694C75A938}.Release|Any CPU.ActiveCfg = Release
	EndGlobalSection
	GlobalSection(SolutionProperties) = preSolution
		HideSolutionNode = FALSE
	EndGlobalSection
	GlobalSection(ExtensibilityGlobals) = postSolution
		SolutionGuid = {67B4F0AA-294C-4303-93CB-41608E085EB5}
	EndGlobalSection
EndGlobal
